github.com/liblxn/lxn v0.0.0-20180305104122-145ba432ed92 h1:h7ZC/H1IVEHT0c2/MLDis7/w/4d1arOn0uTnlSrOiE0=
github.com/liblxn/lxn v0.0.0-20180305104122-145ba432ed92/go.mod h1:hs2PBg9w4hrB5o7VMiBTSw98A0v9UniSc/xlQgRhfF0=
github.com/mprot/msgpack-go v0.0.0-20240115143507-782817afe539 h1:6mnOvN3We7xsy1Qjxc9DT0tVZpsMBU7h4o8M00Tvw2I=
github.com/mprot/msgpack-go v0.0.0-20240115143507-782817afe539/go.mod h1:u5y7Hn7igAT0edat1x28zto+kGAyD5kZYHiFNnaZ0YU=
